
Microsoft Visual Studio Solution File, Format Version 12.00
# Visual Studio Version 16
VisualStudioVersion = 16.0.29424.173
MinimumVisualStudioVersion = 10.0.40219.1
Project("{FAE04EC0-301F-11D3-BF4B-00C04F79EFBC}") = "testService", "testService\testService.csproj", "{F2E27A66-8940-41BB-A532-4167E41DA934}"
EndProject
Global
	GlobalSection(SolutionConfigurationPlatforms) = preSolution
		Debug|Any CPU = Debug|Any CPU
		Release|Any CPU = Release|Any CPU
	EndGlobalSection
	GlobalSection(ProjectConfigurationPlatforms) = postSolution
		{F2E27A66-8940-41BB-A532-4167E41DA934}.Debug|Any CPU.ActiveCfg = Debug|Any CPU
		{F2E27A66-8940-41BB-A532-4167E41DA934}.Debug|Any CPU.Build.0 = Debug|Any CPU
		{F2E27A66-8940-41BB-A532-4167E41DA934}.Release|Any CPU.ActiveCfg = Release|Any CPU
		{F2E27A66-8940-41BB-A532-4167E41DA934}.Release|Any CPU.Build.0 = Release|Any CPU
	EndGlobalSection
	GlobalSection(SolutionProperties) = preSolution
		HideSolutionNode = FALSE
	EndGlobalSection
	GlobalSection(ExtensibilityGlobals) = postSolution
		SolutionGuid = {546890AE-238F-4787-A233-3CCF2E9123CB}
	EndGlobalSection
EndGlobal
